// !$*UTF8*$!
{
	archiveVersion = 1;
	classes = {
	};
	objectVersion = 50;
	objects = {

/* Begin PBXBuildFile section */
		282CF2A526E4740D003DD349 /* AppDelegate.m in Sources */ = {isa = PBXBuildFile; fileRef = 282CF2A426E4740D003DD349 /* AppDelegate.m */; };
		282CF2A826E4740D003DD349 /* SceneDelegate.m in Sources */ = {isa = PBXBuildFile; fileRef = 282CF2A726E4740D003DD349 /* SceneDelegate.m */; };
		282CF2AE26E4740D003DD349 /* Main.storyboard in Resources */ = {isa = PBXBuildFile; fileRef = 282CF2AC26E4740D003DD349 /* Main.storyboard */; };
		282CF2B026E4740F003DD349 /* Assets.xcassets in Resources */ = {isa = PBXBuildFile; fileRef = 282CF2AF26E4740F003DD349 /* Assets.xcassets */; };
		282CF2B326E4740F003DD349 /* LaunchScreen.storyboard in Resources */ = {isa = PBXBuildFile; fileRef = 282CF2B126E4740F003DD349 /* LaunchScreen.storyboard */; };
		282CF2B626E4740F003DD349 /* main.m in Sources */ = {isa = PBXBuildFile; fileRef = 282CF2B526E4740F003DD349 /* main.m */; };
		282CF2BE26E4BA05003DD349 /* Item.m in Sources */ = {isa = PBXBuildFile; fileRef = 282CF2BD26E4BA05003DD349 /* Item.m */; };
		282CF2C726E6047D003DD349 /* ListTableViewController.m in Sources */ = {isa = PBXBuildFile; fileRef = 282CF2C626E6047D003DD349 /* ListTableViewController.m */; };
/* End PBXBuildFile section */

/* Begin PBXFileReference section */
		282CF2A026E4740D003DD349 /* ToDoList-Objc.app */ = {isa = PBXFileReference; explicitFileType = wrapper.application; includeInIndex = 0; path = "ToDoList-Objc.app"; sourceTree = BUILT_PRODUCTS_DIR; };
		282CF2A326E4740D003DD349 /* AppDelegate.h */ = {isa = PBXFileReference; lastKnownFileType = sourcecode.c.h; path = AppDelegate.h; sourceTree = "<group>"; };
		282CF2A426E4740D003DD349 /* AppDelegate.m */ = {isa = PBXFileReference; lastKnownFileType = sourcecode.c.objc; path = AppDelegate.m; sourceTree = "<group>"; };
		282CF2A626E4740D003DD349 /* SceneDelegate.h */ = {isa = PBXFileReference; lastKnownFileType = sourcecode.c.h; path = SceneDelegate.h; sourceTree = "<group>"; };
		282CF2A726E4740D003DD349 /* SceneDelegate.m */ = {isa = PBXFileReference; lastKnownFileType = sourcecode.c.objc; path = SceneDelegate.m; sourceTree = "<group>"; };
		282CF2AD26E4740D003DD349 /* Base */ = {isa = PBXFileReference; lastKnownFileType = file.storyboard; name = Base; path = Base.lproj/Main.storyboard; sourceTree = "<group>"; };
		282CF2AF26E4740F003DD349 /* Assets.xcassets */ = {isa = PBXFileReference; lastKnownFileType = folder.assetcatalog; path = Assets.xcassets; sourceTree = "<group>"; };
		282CF2B226E4740F003DD349 /* Base */ = {isa = PBXFileReference; lastKnownFileType = file.storyboard; name = Base; path = Base.lproj/LaunchScreen.storyboard; sourceTree = "<group>"; };
		282CF2B426E4740F003DD349 /* Info.plist */ = {isa = PBXFileReference; lastKnownFileType = text.plist.xml; path = Info.plist; sourceTree = "<group>"; };
		282CF2B526E4740F003DD349 /* main.m */ = {isa = PBXFileReference; lastKnownFileType = sourcecode.c.objc; path = main.m; sourceTree = "<group>"; };
		282CF2BC26E4B9FA003DD349 /* Item.h */ = {isa = PBXFileReference; lastKnownFileType = sourcecode.c.h; path = Item.h; sourceTree = "<group>"; };
		282CF2BD26E4BA05003DD349 /* Item.m */ = {isa = PBXFileReference; lastKnownFileType = sourcecode.c.objc; path = Item.m; sourceTree = "<group>"; };
		282CF2C526E6047D003DD349 /* ListTableViewController.h */ = {isa = PBXFileReference; lastKnownFileType = sourcecode.c.h; path = ListTableViewController.h; sourceTree = "<group>"; };
		282CF2C626E6047D003DD349 /* ListTableViewController.m */ = {isa = PBXFileReference; lastKnownFileType = sourcecode.c.objc; path = ListTableViewController.m; sourceTree = "<group>"; };
/* End PBXFileReference section */

/* Begin PBXFrameworksBuildPhase section */
		282CF29D26E4740D003DD349 /* Frameworks */ = {
			isa = PBXFrameworksBuildPhase;
			buildActionMask = 2147483647;
			files = (
			);
			runOnlyForDeploymentPostprocessing = 0;
		};
/* End PBXFrameworksBuildPhase section */

/* Begin PBXGroup section */
		282CF29726E4740D003DD349 = {
			isa = PBXGroup;
			children = (
				282CF2A226E4740D003DD349 /* ToDoList-Objc */,
				282CF2A126E4740D003DD349 /* Products */,
			);
			sourceTree = "<group>";
		};
		282CF2A126E4740D003DD349 /* Products */ = {
			isa = PBXGroup;
			children = (
				282CF2A026E4740D003DD349 /* ToDoList-Objc.app */,
			);
			name = Products;
			sourceTree = "<group>";
		};
		282CF2A226E4740D003DD349 /* ToDoList-Objc */ = {
			isa = PBXGroup;
			children = (
				282CF2A326E4740D003DD349 /* AppDelegate.h */,
				282CF2A426E4740D003DD349 /* AppDelegate.m */,
				282CF2A626E4740D003DD349 /* SceneDelegate.h */,
				282CF2A726E4740D003DD349 /* SceneDelegate.m */,
				282CF2BC26E4B9FA003DD349 /* Item.h */,
				282CF2BD26E4BA05003DD349 /* Item.m */,
				282CF2C526E6047D003DD349 /* ListTableViewController.h */,
				282CF2C626E6047D003DD349 /* ListTableViewController.m */,
				282CF2AC26E4740D003DD349 /* Main.storyboard */,
				282CF2AF26E4740F003DD349 /* Assets.xcassets */,
				282CF2B126E4740F003DD349 /* LaunchScreen.storyboard */,
				282CF2B426E4740F003DD349 /* Info.plist */,
				282CF2B526E4740F003DD349 /* main.m */,
			);
			path = "ToDoList-Objc";
			sourceTree = "<group>";
		};
/* End PBXGroup section */

/* Begin PBXNativeTarget section */
		282CF29F26E4740D003DD349 /* ToDoList-Objc */ = {
			isa = PBXNativeTarget;
			buildConfigurationList = 282CF2B926E4740F003DD349 /* Build configuration list for PBXNativeTarget "ToDoList-Objc" */;
			buildPhases = (
				282CF29C26E4740D003DD349 /* Sources */,
				282CF29D26E4740D003DD349 /* Frameworks */,
				282CF29E26E4740D003DD349 /* Resources */,
			);
			buildRules = (
			);
			dependencies = (
			);
			name = "ToDoList-Objc";
			productName = "ToDoList-Objc";
			productReference = 282CF2A026E4740D003DD349 /* ToDoList-Objc.app */;
			productType = "com.apple.product-type.application";
		};
/* End PBXNativeTarget section */

/* Begin PBXProject section */
		282CF29826E4740D003DD349 /* Project object */ = {
			isa = PBXProject;
			attributes = {
				LastUpgradeCheck = 1250;
				TargetAttributes = {
					282CF29F26E4740D003DD349 = {
						CreatedOnToolsVersion = 12.5.1;
					};
				};
			};
			buildConfigurationList = 282CF29B26E4740D003DD349 /* Build configuration list for PBXProject "ToDoList-Objc" */;
			compatibilityVersion = "Xcode 9.3";
			developmentRegion = en;
			hasScannedForEncodings = 0;
			knownRegions = (
				en,
				Base,
			);
			mainGroup = 282CF29726E4740D003DD349;
			productRefGroup = 282CF2A126E4740D003DD349 /* Products */;
			projectDirPath = "";
			projectRoot = "";
			targets = (
				282CF29F26E4740D003DD349 /* ToDoList-Objc */,
			);
		};
/* End PBXProject section */

/* Begin PBXResourcesBuildPhase section */
		282CF29E26E4740D003DD349 /* Resources */ = {
			isa = PBXResourcesBuildPhase;
			buildActionMask = 2147483647;
			files = (
				282CF2B326E4740F003DD349 /* LaunchScreen.storyboard in Resources */,
				282CF2B026E4740F003DD349 /* Assets.xcassets in Resources */,
				282CF2AE26E4740D003DD349 /* Main.storyboard in Resources */,
			);
			runOnlyForDeploymentPostprocessing = 0;
		};
/* End PBXResourcesBuildPhase section */

/* Begin PBXSourcesBuildPhase section */
		282CF29C26E4740D003DD349 /* Sources */ = {
			isa = PBXSourcesBuildPhase;
			buildActionMask = 2147483647;
			files = (
				282CF2BE26E4BA05003DD349 /* Item.m in Sources */,
				282CF2C726E6047D003DD349 /* ListTableViewController.m in Sources */,
				282CF2A526E4740D003DD349 /* AppDelegate.m in Sources */,
				282CF2B626E4740F003DD349 /* main.m in Sources */,
				282CF2A826E4740D003DD349 /* SceneDelegate.m in Sources */,
			);
			runOnlyForDeploymentPostprocessing = 0;
		};
/* End PBXSourcesBuildPhase section */

/* Begin PBXVariantGroup section */
		282CF2AC26E4740D003DD349 /* Main.storyboard */ = {
			isa = PBXVariantGroup;
			children = (
				282CF2AD26E4740D003DD349 /* Base */,
			);
			name = Main.storyboard;
			sourceTree = "<group>";
		};
		282CF2B126E4740F003DD349 /* LaunchScreen.storyboard */ = {
			isa = PBXVariantGroup;
			children = (
				282CF2B226E4740F003DD349 /* Base */,
			);
			name = LaunchScreen.storyboard;
			sourceTree = "<group>";
		};
/* End PBXVariantGroup section */

/* Begin XCBuildConfiguration section */
		282CF2B726E4740F003DD349 /* Debug */ = {
			isa = XCBuildConfiguration;
			buildSettings = {
				ALWAYS_SEARCH_USER_PATHS = NO;
				CLANG_ANALYZER_NONNULL = YES;
				CLANG_ANALYZER_NUMBER_OBJECT_CONVERSION = YES_AGGRESSIVE;
				CLANG_CXX_LANGUAGE_STANDARD = "gnu++14";
				CLANG_CXX_LIBRARY = "libc++";
				CLANG_ENABLE_MODULES = YES;
				CLANG_ENABLE_OBJC_ARC = YES;
				CLANG_ENABLE_OBJC_WEAK = YES;
				CLANG_WARN_BLOCK_CAPTURE_AUTORELEASING = YES;
				CLANG_WARN_BOOL_CONVERSION = YES;
				CLANG_WARN_COMMA = YES;
				CLANG_WARN_CONSTANT_CONVERSION = YES;
				CLANG_WARN_DEPRECATED_OBJC_IMPLEMENTATIONS = YES;
				CLANG_WARN_DIRECT_OBJC_ISA_USAGE = YES_ERROR;
				CLANG_WARN_DOCUMENTATION_COMMENTS = YES;
				CLANG_WARN_EMPTY_BODY = YES;
				CLANG_WARN_ENUM_CONVERSION = YES;
				CLANG_WARN_INFINITE_RECURSION = YES;
				CLANG_WARN_INT_CONVERSION = YES;
				CLANG_WARN_NON_LITERAL_NULL_CONVERSION = YES;
				CLANG_WARN_OBJC_IMPLICIT_RETAIN_SELF = YES;
				CLANG_WARN_OBJC_LITERAL_CONVERSION = YES;
				CLANG_WARN_OBJC_ROOT_CLASS = YES_ERROR;
				CLANG_WARN_QUOTED_INCLUDE_IN_FRAMEWORK_HEADER = YES;
				CLANG_WARN_RANGE_LOOP_ANALYSIS = YES;
				CLANG_WARN_STRICT_PROTOTYPES = YES;
				CLANG_WARN_SUSPICIOUS_MOVE = YES;
				CLANG_WARN_UNGUARDED_AVAILABILITY = YES_AGGRESSIVE;
				CLANG_WARN_UNREACHABLE_CODE = YES;
				CLANG_WARN__DUPLICATE_METHOD_MATCH = YES;
				COPY_PHASE_STRIP = NO;
				DEBUG_INFORMATION_FORMAT = dwarf;
				ENABLE_STRICT_OBJC_MSGSEND = YES;
				ENABLE_TESTABILITY = YES;
				GCC_C_LANGUAGE_STANDARD = gnu11;
				GCC_DYNAMIC_NO_PIC = NO;
				GCC_NO_COMMON_BLOCKS = YES;
				GCC_OPTIMIZATION_LEVEL = 0;
				GCC_PREPROCESSOR_DEFINITIONS = (
					"DEBUG=1",
					"$(inherited)",
				);
				GCC_WARN_64_TO_32_BIT_CONVERSION = YES;
				GCC_WARN_ABOUT_RETURN_TYPE = YES_ERROR;
				GCC_WARN_UNDECLARED_SELECTOR = YES;
				GCC_WARN_UNINITIALIZED_AUTOS = YES_AGGRESSIVE;
				GCC_WARN_UNUSED_FUNCTION = YES;
				GCC_WARN_UNUSED_VARIABLE = YES;
				IPHONEOS_DEPLOYMENT_TARGET = 14.5;
				MTL_ENABLE_DEBUG_INFO = INCLUDE_SOURCE;
				MTL_FAST_MATH = YES;
				ONLY_ACTIVE_ARCH = YES;
				SDKROOT = iphoneos;
			};
			name = Debug;
		};
		282CF2B826E4740F003DD349 /* Release */ = {
			isa = XCBuildConfiguration;
			buildSettings = {
				ALWAYS_SEARCH_USER_PATHS = NO;
				CLANG_ANALYZER_NONNULL = YES;
				CLANG_ANALYZER_NUMBER_OBJECT_CONVERSION = YES_AGGRESSIVE;
				CLANG_CXX_LANGUAGE_STANDARD = "gnu++14";
				CLANG_CXX_LIBRARY = "libc++";
				CLANG_ENABLE_MODULES = YES;
				CLANG_ENABLE_OBJC_ARC = YES;
				CLANG_ENABLE_OBJC_WEAK = YES;
				CLANG_WARN_BLOCK_CAPTURE_AUTORELEASING = YES;
				CLANG_WARN_BOOL_CONVERSION = YES;
				CLANG_WARN_COMMA = YES;
				CLANG_WARN_CONSTANT_CONVERSION = YES;
				CLANG_WARN_DEPRECATED_OBJC_IMPLEMENTATIONS = YES;
				CLANG_WARN_DIRECT_OBJC_ISA_USAGE = YES_ERROR;
				CLANG_WARN_DOCUMENTATION_COMMENTS = YES;
				CLANG_WARN_EMPTY_BODY = YES;
				CLANG_WARN_ENUM_CONVERSION = YES;
				CLANG_WARN_INFINITE_RECURSION = YES;
				CLANG_WARN_INT_CONVERSION = YES;
				CLANG_WARN_NON_LITERAL_NULL_CONVERSION = YES;
				CLANG_WARN_OBJC_IMPLICIT_RETAIN_SELF = YES;
				CLANG_WARN_OBJC_LITERAL_CONVERSION = YES;
				CLANG_WARN_OBJC_ROOT_CLASS = YES_ERROR;
				CLANG_WARN_QUOTED_INCLUDE_IN_FRAMEWORK_HEADER = YES;
				CLANG_WARN_RANGE_LOOP_ANALYSIS = YES;
				CLANG_WARN_STRICT_PROTOTYPES = YES;
				CLANG_WARN_SUSPICIOUS_MOVE = YES;
				CLANG_WARN_UNGUARDED_AVAILABILITY = YES_AGGRESSIVE;
				CLANG_WARN_UNREACHABLE_CODE = YES;
				CLANG_WARN__DUPLICATE_METHOD_MATCH = YES;
				COPY_PHASE_STRIP = NO;
				DEBUG_INFORMATION_FORMAT = "dwarf-with-dsym";
				ENABLE_NS_ASSERTIONS = NO;
				ENABLE_STRICT_OBJC_MSGSEND = YES;
				GCC_C_LANGUAGE_STANDARD = gnu11;
				GCC_NO_COMMON_BLOCKS = YES;
				GCC_WARN_64_TO_32_BIT_CONVERSION = YES;
				GCC_WARN_ABOUT_RETURN_TYPE = YES_ERROR;
				GCC_WARN_UNDECLARED_SELECTOR = YES;
				GCC_WARN_UNINITIALIZED_AUTOS = YES_AGGRESSIVE;
				GCC_WARN_UNUSED_FUNCTION = YES;
				GCC_WARN_UNUSED_VARIABLE = YES;
				IPHONEOS_DEPLOYMENT_TARGET = 14.5;
				MTL_ENABLE_DEBUG_INFO = NO;
				MTL_FAST_MATH = YES;
				SDKROOT = iphoneos;
				VALIDATE_PRODUCT = YES;
			};
			name = Release;
		};
		282CF2BA26E4740F003DD349 /* Debug */ = {
			isa = XCBuildConfiguration;
			buildSettings = {
				ASSETCATALOG_COMPILER_APPICON_NAME = AppIcon;
				ASSETCATALOG_COMPILER_GLOBAL_ACCENT_COLOR_NAME = AccentColor;
				CODE_SIGN_STYLE = Automatic;
				DEVELOPMENT_TEAM = HGQW468FVZ;
				INFOPLIST_FILE = "ToDoList-Objc/Info.plist";
				LD_RUNPATH_SEARCH_PATHS = (
					"$(inherited)",
					"@executable_path/Frameworks",
				);
				PRODUCT_BUNDLE_IDENTIFIER = "dev.billyhuang.ToDoList-Objc";
				PRODUCT_NAME = "$(TARGET_NAME)";
				TARGETED_DEVICE_FAMILY = "1,2";
			};
			name = Debug;
		};
		282CF2BB26E4740F003DD349 /* Release */ = {
			isa = XCBuildConfiguration;
			buildSettings = {
				ASSETCATALOG_COMPILER_APPICON_NAME = AppIcon;
				ASSETCATALOG_COMPILER_GLOBAL_ACCENT_COLOR_NAME = AccentColor;
				CODE_SIGN_STYLE = Automatic;
				DEVELOPMENT_TEAM = HGQW468FVZ;
				INFOPLIST_FILE = "ToDoList-Objc/Info.plist";
				LD_RUNPATH_SEARCH_PATHS = (
					"$(inherited)",
					"@executable_path/Frameworks",
				);
				PRODUCT_BUNDLE_IDENTIFIER = "dev.billyhuang.ToDoList-Objc";
				PRODUCT_NAME = "$(TARGET_NAME)";
				TARGETED_DEVICE_FAMILY = "1,2";
			};
			name = Release;
		};
/* End XCBuildConfiguration section */

/* Begin XCConfigurationList section */
		282CF29B26E4740D003DD349 /* Build configuration list for PBXProject "ToDoList-Objc" */ = {
			isa = XCConfigurationList;
			buildConfigurations = (
				282CF2B726E4740F003DD349 /* Debug */,
				282CF2B826E4740F003DD349 /* Release */,
			);
			defaultConfigurationIsVisible = 0;
			defaultConfigurationName = Release;
		};
		282CF2B926E4740F003DD349 /* Build configuration list for PBXNativeTarget "ToDoList-Objc" */ = {
			isa = XCConfigurationList;
			buildConfigurations = (
				282CF2BA26E4740F003DD349 /* Debug */,
				282CF2BB26E4740F003DD349 /* Release */,
			);
			defaultConfigurationIsVisible = 0;
			defaultConfigurationName = Release;
		};
/* End XCConfigurationList section */
	};
	rootObject = 282CF29826E4740D003DD349 /* Project object */;
}
